{
  "name": "juce-framework-frontend",
  "version": "7.0.7",
  "lockfileVersion": 3,
  "requires": true,
  "packages": {
    "": {
      "name": "juce-framework-frontend",
      "version": "7.0.7",
      "dependencies": {
        "juce-framework-frontend": "file:"
      }
    },
    "node_modules/juce-framework-frontend": {
      "resolved": "",
      "link": true
    }
  }
}
